// !$*UTF8*$!
{
	archiveVersion = 1;
	classes = {
	};
	objectVersion = 46;
	objects = {

/* Begin PBXBuildFile section */
		23339CD118BBF8FD007C9628 /* ColorList.plist in Resources */ = {isa = PBXBuildFile; fileRef = 23339CD018BBF8FD007C9628 /* ColorList.plist */; };
		23E1B81A18B8EC35000C376E /* Foundation.framework in Frameworks */ = {isa = PBXBuildFile; fileRef = 23E1B81918B8EC35000C376E /* Foundation.framework */; };
		23E1B81C18B8EC35000C376E /* CoreGraphics.framework in Frameworks */ = {isa = PBXBuildFile; fileRef = 23E1B81B18B8EC35000C376E /* CoreGraphics.framework */; };
		23E1B81E18B8EC35000C376E /* UIKit.framework in Frameworks */ = {isa = PBXBuildFile; fileRef = 23E1B81D18B8EC35000C376E /* UIKit.framework */; };
		23E1B82418B8EC35000C376E /* InfoPlist.strings in Resources */ = {isa = PBXBuildFile; fileRef = 23E1B82218B8EC35000C376E /* InfoPlist.strings */; };
		23E1B82618B8EC35000C376E /* main.m in Sources */ = {isa = PBXBuildFile; fileRef = 23E1B82518B8EC35000C376E /* main.m */; };
		23E1B82A18B8EC35000C376E /* PMSAppDelegate.m in Sources */ = {isa = PBXBuildFile; fileRef = 23E1B82918B8EC35000C376E /* PMSAppDelegate.m */; };
		23E1B82D18B8EC35000C376E /* Main.storyboard in Resources */ = {isa = PBXBuildFile; fileRef = 23E1B82B18B8EC35000C376E /* Main.storyboard */; };
		23E1B83018B8EC35000C376E /* PMSMainViewController.m in Sources */ = {isa = PBXBuildFile; fileRef = 23E1B82F18B8EC35000C376E /* PMSMainViewController.m */; };
		23E1B83218B8EC35000C376E /* Images.xcassets in Resources */ = {isa = PBXBuildFile; fileRef = 23E1B83118B8EC35000C376E /* Images.xcassets */; };
		23E1B83918B8EC36000C376E /* XCTest.framework in Frameworks */ = {isa = PBXBuildFile; fileRef = 23E1B83818B8EC36000C376E /* XCTest.framework */; };
		23E1B83A18B8EC36000C376E /* Foundation.framework in Frameworks */ = {isa = PBXBuildFile; fileRef = 23E1B81918B8EC35000C376E /* Foundation.framework */; };
		23E1B83B18B8EC36000C376E /* UIKit.framework in Frameworks */ = {isa = PBXBuildFile; fileRef = 23E1B81D18B8EC35000C376E /* UIKit.framework */; };
		23E1B84318B8EC36000C376E /* InfoPlist.strings in Resources */ = {isa = PBXBuildFile; fileRef = 23E1B84118B8EC36000C376E /* InfoPlist.strings */; };
		23E1B84518B8EC36000C376E /* Project_MarsaraTests.m in Sources */ = {isa = PBXBuildFile; fileRef = 23E1B84418B8EC36000C376E /* Project_MarsaraTests.m */; };
		23E1B85018B90621000C376E /* PMSPhotoViewController.mm in Sources */ = {isa = PBXBuildFile; fileRef = 23E1B84F18B90621000C376E /* PMSPhotoViewController.mm */; };
		23E1B85318B920E8000C376E /* PMSResultViewController.m in Sources */ = {isa = PBXBuildFile; fileRef = 23E1B85218B920E8000C376E /* PMSResultViewController.m */; };
		23E1B85518B92280000C376E /* opencv2.framework in Frameworks */ = {isa = PBXBuildFile; fileRef = 23E1B85418B92280000C376E /* opencv2.framework */; };
		23E1B85818B926D4000C376E /* PMSImageProcessing.mm in Sources */ = {isa = PBXBuildFile; fileRef = 23E1B85718B926D4000C376E /* PMSImageProcessing.mm */; };
		23E1B85B18B9A797000C376E /* PMSOutfitRecommender.m in Sources */ = {isa = PBXBuildFile; fileRef = 23E1B85A18B9A797000C376E /* PMSOutfitRecommender.m */; };
		23E1B85D18B9C294000C376E /* CoreData.framework in Frameworks */ = {isa = PBXBuildFile; fileRef = 23E1B85C18B9C294000C376E /* CoreData.framework */; };
		23E1B86018B9C493000C376E /* PMDataModel.xcdatamodeld in Sources */ = {isa = PBXBuildFile; fileRef = 23E1B85E18B9C493000C376E /* PMDataModel.xcdatamodeld */; };
		23E1B86318B9CE58000C376E /* PMSLibraryViewController.m in Sources */ = {isa = PBXBuildFile; fileRef = 23E1B86218B9CE58000C376E /* PMSLibraryViewController.m */; };
		23E1B86618B9CEDB000C376E /* PMSLibraryCell.m in Sources */ = {isa = PBXBuildFile; fileRef = 23E1B86518B9CEDB000C376E /* PMSLibraryCell.m */; };
		23E1B86918B9D4F3000C376E /* PMSCellViewController.m in Sources */ = {isa = PBXBuildFile; fileRef = 23E1B86818B9D4F3000C376E /* PMSCellViewController.m */; };
/* End PBXBuildFile section */

/* Begin PBXContainerItemProxy section */
		23E1B83C18B8EC36000C376E /* PBXContainerItemProxy */ = {
			isa = PBXContainerItemProxy;
			containerPortal = 23E1B80E18B8EC35000C376E /* Project object */;
			proxyType = 1;
			remoteGlobalIDString = 23E1B81518B8EC35000C376E;
			remoteInfo = "Project Marsara";
		};
/* End PBXContainerItemProxy section */

/* Begin PBXFileReference section */
		23339CD018BBF8FD007C9628 /* ColorList.plist */ = {isa = PBXFileReference; fileEncoding = 4; lastKnownFileType = text.plist.xml; path = ColorList.plist; sourceTree = "<group>"; };
		23E1B81618B8EC35000C376E /* Project Marsara.app */ = {isa = PBXFileReference; explicitFileType = wrapper.application; includeInIndex = 0; path = "Project Marsara.app"; sourceTree = BUILT_PRODUCTS_DIR; };
		23E1B81918B8EC35000C376E /* Foundation.framework */ = {isa = PBXFileReference; lastKnownFileType = wrapper.framework; name = Foundation.framework; path = System/Library/Frameworks/Foundation.framework; sourceTree = SDKROOT; };
		23E1B81B18B8EC35000C376E /* CoreGraphics.framework */ = {isa = PBXFileReference; lastKnownFileType = wrapper.framework; name = CoreGraphics.framework; path = System/Library/Frameworks/CoreGraphics.framework; sourceTree = SDKROOT; };
		23E1B81D18B8EC35000C376E /* UIKit.framework */ = {isa = PBXFileReference; lastKnownFileType = wrapper.framework; name = UIKit.framework; path = System/Library/Frameworks/UIKit.framework; sourceTree = SDKROOT; };
		23E1B82118B8EC35000C376E /* Project Marsara-Info.plist */ = {isa = PBXFileReference; lastKnownFileType = text.plist.xml; path = "Project Marsara-Info.plist"; sourceTree = "<group>"; };
		23E1B82318B8EC35000C376E /* en */ = {isa = PBXFileReference; lastKnownFileType = text.plist.strings; name = en; path = en.lproj/InfoPlist.strings; sourceTree = "<group>"; };
		23E1B82518B8EC35000C376E /* main.m */ = {isa = PBXFileReference; lastKnownFileType = sourcecode.c.objc; path = main.m; sourceTree = "<group>"; };
		23E1B82718B8EC35000C376E /* Project Marsara-Prefix.pch */ = {isa = PBXFileReference; lastKnownFileType = sourcecode.c.h; path = "Project Marsara-Prefix.pch"; sourceTree = "<group>"; };
		23E1B82818B8EC35000C376E /* PMSAppDelegate.h */ = {isa = PBXFileReference; lastKnownFileType = sourcecode.c.h; path = PMSAppDelegate.h; sourceTree = "<group>"; };
		23E1B82918B8EC35000C376E /* PMSAppDelegate.m */ = {isa = PBXFileReference; lastKnownFileType = sourcecode.c.objc; path = PMSAppDelegate.m; sourceTree = "<group>"; };
		23E1B82C18B8EC35000C376E /* Base */ = {isa = PBXFileReference; lastKnownFileType = file.storyboard; name = Base; path = Base.lproj/Main.storyboard; sourceTree = "<group>"; };
		23E1B82E18B8EC35000C376E /* PMSMainViewController.h */ = {isa = PBXFileReference; lastKnownFileType = sourcecode.c.h; path = PMSMainViewController.h; sourceTree = "<group>"; };
		23E1B82F18B8EC35000C376E /* PMSMainViewController.m */ = {isa = PBXFileReference; lastKnownFileType = sourcecode.c.objc; path = PMSMainViewController.m; sourceTree = "<group>"; };
		23E1B83118B8EC35000C376E /* Images.xcassets */ = {isa = PBXFileReference; lastKnownFileType = folder.assetcatalog; path = Images.xcassets; sourceTree = "<group>"; };
		23E1B83718B8EC36000C376E /* Project MarsaraTests.xctest */ = {isa = PBXFileReference; explicitFileType = wrapper.cfbundle; includeInIndex = 0; path = "Project MarsaraTests.xctest"; sourceTree = BUILT_PRODUCTS_DIR; };
		23E1B83818B8EC36000C376E /* XCTest.framework */ = {isa = PBXFileReference; lastKnownFileType = wrapper.framework; name = XCTest.framework; path = Library/Frameworks/XCTest.framework; sourceTree = DEVELOPER_DIR; };
		23E1B84018B8EC36000C376E /* Project MarsaraTests-Info.plist */ = {isa = PBXFileReference; lastKnownFileType = text.plist.xml; path = "Project MarsaraTests-Info.plist"; sourceTree = "<group>"; };
		23E1B84218B8EC36000C376E /* en */ = {isa = PBXFileReference; lastKnownFileType = text.plist.strings; name = en; path = en.lproj/InfoPlist.strings; sourceTree = "<group>"; };
		23E1B84418B8EC36000C376E /* Project_MarsaraTests.m */ = {isa = PBXFileReference; lastKnownFileType = sourcecode.c.objc; path = Project_MarsaraTests.m; sourceTree = "<group>"; };
		23E1B84E18B90621000C376E /* PMSPhotoViewController.h */ = {isa = PBXFileReference; fileEncoding = 4; lastKnownFileType = sourcecode.c.h; path = PMSPhotoViewController.h; sourceTree = "<group>"; };
		23E1B84F18B90621000C376E /* PMSPhotoViewController.mm */ = {isa = PBXFileReference; fileEncoding = 4; lastKnownFileType = sourcecode.cpp.objcpp; path = PMSPhotoViewController.mm; sourceTree = "<group>"; };
		23E1B85118B920E8000C376E /* PMSResultViewController.h */ = {isa = PBXFileReference; fileEncoding = 4; lastKnownFileType = sourcecode.c.h; path = PMSResultViewController.h; sourceTree = "<group>"; };
		23E1B85218B920E8000C376E /* PMSResultViewController.m */ = {isa = PBXFileReference; fileEncoding = 4; lastKnownFileType = sourcecode.c.objc; path = PMSResultViewController.m; sourceTree = "<group>"; };
		23E1B85418B92280000C376E /* opencv2.framework */ = {isa = PBXFileReference; lastKnownFileType = wrapper.framework; path = opencv2.framework; sourceTree = "<group>"; };
		23E1B85618B926B2000C376E /* PMSImageProcessing.h */ = {isa = PBXFileReference; fileEncoding = 4; lastKnownFileType = sourcecode.c.h; path = PMSImageProcessing.h; sourceTree = "<group>"; };
		23E1B85718B926D4000C376E /* PMSImageProcessing.mm */ = {isa = PBXFileReference; fileEncoding = 4; lastKnownFileType = sourcecode.cpp.objcpp; path = PMSImageProcessing.mm; sourceTree = "<group>"; };
		23E1B85918B9A797000C376E /* PMSOutfitRecommender.h */ = {isa = PBXFileReference; fileEncoding = 4; lastKnownFileType = sourcecode.c.h; path = PMSOutfitRecommender.h; sourceTree = "<group>"; };
		23E1B85A18B9A797000C376E /* PMSOutfitRecommender.m */ = {isa = PBXFileReference; fileEncoding = 4; lastKnownFileType = sourcecode.c.objc; path = PMSOutfitRecommender.m; sourceTree = "<group>"; };
		23E1B85C18B9C294000C376E /* CoreData.framework */ = {isa = PBXFileReference; lastKnownFileType = wrapper.framework; name = CoreData.framework; path = System/Library/Frameworks/CoreData.framework; sourceTree = SDKROOT; };
		23E1B85F18B9C493000C376E /* PMDataModel.xcdatamodel */ = {isa = PBXFileReference; lastKnownFileType = wrapper.xcdatamodel; path = PMDataModel.xcdatamodel; sourceTree = "<group>"; };
		23E1B86118B9CE58000C376E /* PMSLibraryViewController.h */ = {isa = PBXFileReference; fileEncoding = 4; lastKnownFileType = sourcecode.c.h; path = PMSLibraryViewController.h; sourceTree = "<group>"; };
		23E1B86218B9CE58000C376E /* PMSLibraryViewController.m */ = {isa = PBXFileReference; fileEncoding = 4; lastKnownFileType = sourcecode.c.objc; path = PMSLibraryViewController.m; sourceTree = "<group>"; };
		23E1B86418B9CEDB000C376E /* PMSLibraryCell.h */ = {isa = PBXFileReference; fileEncoding = 4; lastKnownFileType = sourcecode.c.h; path = PMSLibraryCell.h; sourceTree = "<group>"; };
		23E1B86518B9CEDB000C376E /* PMSLibraryCell.m */ = {isa = PBXFileReference; fileEncoding = 4; lastKnownFileType = sourcecode.c.objc; path = PMSLibraryCell.m; sourceTree = "<group>"; };
		23E1B86718B9D4F3000C376E /* PMSCellViewController.h */ = {isa = PBXFileReference; fileEncoding = 4; lastKnownFileType = sourcecode.c.h; path = PMSCellViewController.h; sourceTree = "<group>"; };
		23E1B86818B9D4F3000C376E /* PMSCellViewController.m */ = {isa = PBXFileReference; fileEncoding = 4; lastKnownFileType = sourcecode.c.objc; path = PMSCellViewController.m; sourceTree = "<group>"; };
/* End PBXFileReference section */

/* Begin PBXFrameworksBuildPhase section */
		23E1B81318B8EC35000C376E /* Frameworks */ = {
			isa = PBXFrameworksBuildPhase;
			buildActionMask = 2147483647;
			files = (
				23E1B85D18B9C294000C376E /* CoreData.framework in Frameworks */,
				23E1B85518B92280000C376E /* opencv2.framework in Frameworks */,
				23E1B81C18B8EC35000C376E /* CoreGraphics.framework in Frameworks */,
				23E1B81E18B8EC35000C376E /* UIKit.framework in Frameworks */,
				23E1B81A18B8EC35000C376E /* Foundation.framework in Frameworks */,
			);
			runOnlyForDeploymentPostprocessing = 0;
		};
		23E1B83418B8EC36000C376E /* Frameworks */ = {
			isa = PBXFrameworksBuildPhase;
			buildActionMask = 2147483647;
			files = (
				23E1B83918B8EC36000C376E /* XCTest.framework in Frameworks */,
				23E1B83B18B8EC36000C376E /* UIKit.framework in Frameworks */,
				23E1B83A18B8EC36000C376E /* Foundation.framework in Frameworks */,
			);
			runOnlyForDeploymentPostprocessing = 0;
		};
/* End PBXFrameworksBuildPhase section */

/* Begin PBXGroup section */
		23E1B80D18B8EC35000C376E = {
			isa = PBXGroup;
			children = (
				23E1B81F18B8EC35000C376E /* Project Marsara */,
				23E1B83E18B8EC36000C376E /* Project MarsaraTests */,
				23E1B81818B8EC35000C376E /* Frameworks */,
				23E1B81718B8EC35000C376E /* Products */,
			);
			sourceTree = "<group>";
		};
		23E1B81718B8EC35000C376E /* Products */ = {
			isa = PBXGroup;
			children = (
				23E1B81618B8EC35000C376E /* Project Marsara.app */,
				23E1B83718B8EC36000C376E /* Project MarsaraTests.xctest */,
			);
			name = Products;
			sourceTree = "<group>";
		};
		23E1B81818B8EC35000C376E /* Frameworks */ = {
			isa = PBXGroup;
			children = (
				23E1B85C18B9C294000C376E /* CoreData.framework */,
				23E1B85418B92280000C376E /* opencv2.framework */,
				23E1B81918B8EC35000C376E /* Foundation.framework */,
				23E1B81B18B8EC35000C376E /* CoreGraphics.framework */,
				23E1B81D18B8EC35000C376E /* UIKit.framework */,
				23E1B83818B8EC36000C376E /* XCTest.framework */,
			);
			name = Frameworks;
			sourceTree = "<group>";
		};
		23E1B81F18B8EC35000C376E /* Project Marsara */ = {
			isa = PBXGroup;
			children = (
				23E1B82818B8EC35000C376E /* PMSAppDelegate.h */,
				23E1B82918B8EC35000C376E /* PMSAppDelegate.m */,
				23E1B82B18B8EC35000C376E /* Main.storyboard */,
				23E1B82E18B8EC35000C376E /* PMSMainViewController.h */,
				23E1B82F18B8EC35000C376E /* PMSMainViewController.m */,
				23E1B83118B8EC35000C376E /* Images.xcassets */,
				23E1B82018B8EC35000C376E /* Supporting Files */,
				23E1B84E18B90621000C376E /* PMSPhotoViewController.h */,
				23E1B84F18B90621000C376E /* PMSPhotoViewController.mm */,
				23E1B85118B920E8000C376E /* PMSResultViewController.h */,
				23E1B85218B920E8000C376E /* PMSResultViewController.m */,
				23E1B85618B926B2000C376E /* PMSImageProcessing.h */,
				23E1B85718B926D4000C376E /* PMSImageProcessing.mm */,
				23E1B85918B9A797000C376E /* PMSOutfitRecommender.h */,
				23E1B85A18B9A797000C376E /* PMSOutfitRecommender.m */,
				23E1B86118B9CE58000C376E /* PMSLibraryViewController.h */,
				23E1B86218B9CE58000C376E /* PMSLibraryViewController.m */,
				23E1B86418B9CEDB000C376E /* PMSLibraryCell.h */,
				23E1B86518B9CEDB000C376E /* PMSLibraryCell.m */,
				23E1B86718B9D4F3000C376E /* PMSCellViewController.h */,
				23E1B86818B9D4F3000C376E /* PMSCellViewController.m */,
			);
			path = "Project Marsara";
			sourceTree = "<group>";
		};
		23E1B82018B8EC35000C376E /* Supporting Files */ = {
			isa = PBXGroup;
			children = (
				23E1B85E18B9C493000C376E /* PMDataModel.xcdatamodeld */,
				23E1B82118B8EC35000C376E /* Project Marsara-Info.plist */,
				23E1B82218B8EC35000C376E /* InfoPlist.strings */,
				23E1B82518B8EC35000C376E /* main.m */,
				23E1B82718B8EC35000C376E /* Project Marsara-Prefix.pch */,
				23339CD018BBF8FD007C9628 /* ColorList.plist */,
			);
			name = "Supporting Files";
			sourceTree = "<group>";
		};
		23E1B83E18B8EC36000C376E /* Project MarsaraTests */ = {
			isa = PBXGroup;
			children = (
				23E1B84418B8EC36000C376E /* Project_MarsaraTests.m */,
				23E1B83F18B8EC36000C376E /* Supporting Files */,
			);
			path = "Project MarsaraTests";
			sourceTree = "<group>";
		};
		23E1B83F18B8EC36000C376E /* Supporting Files */ = {
			isa = PBXGroup;
			children = (
				23E1B84018B8EC36000C376E /* Project MarsaraTests-Info.plist */,
				23E1B84118B8EC36000C376E /* InfoPlist.strings */,
			);
			name = "Supporting Files";
			sourceTree = "<group>";
		};
/* End PBXGroup section */

/* Begin PBXNativeTarget section */
		23E1B81518B8EC35000C376E /* Project Marsara */ = {
			isa = PBXNativeTarget;
			buildConfigurationList = 23E1B84818B8EC36000C376E /* Build configuration list for PBXNativeTarget "Project Marsara" */;
			buildPhases = (
				23E1B81218B8EC35000C376E /* Sources */,
				23E1B81318B8EC35000C376E /* Frameworks */,
				23E1B81418B8EC35000C376E /* Resources */,
			);
			buildRules = (
			);
			dependencies = (
			);
			name = "Project Marsara";
			productName = "Project Marsara";
			productReference = 23E1B81618B8EC35000C376E /* Project Marsara.app */;
			productType = "com.apple.product-type.application";
		};
		23E1B83618B8EC36000C376E /* Project MarsaraTests */ = {
			isa = PBXNativeTarget;
			buildConfigurationList = 23E1B84B18B8EC36000C376E /* Build configuration list for PBXNativeTarget "Project MarsaraTests" */;
			buildPhases = (
				23E1B83318B8EC36000C376E /* Sources */,
				23E1B83418B8EC36000C376E /* Frameworks */,
				23E1B83518B8EC36000C376E /* Resources */,
			);
			buildRules = (
			);
			dependencies = (
				23E1B83D18B8EC36000C376E /* PBXTargetDependency */,
			);
			name = "Project MarsaraTests";
			productName = "Project MarsaraTests";
			productReference = 23E1B83718B8EC36000C376E /* Project MarsaraTests.xctest */;
			productType = "com.apple.product-type.bundle.unit-test";
		};
/* End PBXNativeTarget section */

/* Begin PBXProject section */
		23E1B80E18B8EC35000C376E /* Project object */ = {
			isa = PBXProject;
			attributes = {
				CLASSPREFIX = PMS;
				LastUpgradeCheck = 0500;
				ORGANIZATIONNAME = theregime;
				TargetAttributes = {
					23E1B81518B8EC35000C376E = {
						DevelopmentTeam = BZR6QG74H5;
					};
					23E1B83618B8EC36000C376E = {
						TestTargetID = 23E1B81518B8EC35000C376E;
					};
				};
			};
			buildConfigurationList = 23E1B81118B8EC35000C376E /* Build configuration list for PBXProject "Project Marsara" */;
			compatibilityVersion = "Xcode 3.2";
			developmentRegion = English;
			hasScannedForEncodings = 0;
			knownRegions = (
				en,
				Base,
			);
			mainGroup = 23E1B80D18B8EC35000C376E;
			productRefGroup = 23E1B81718B8EC35000C376E /* Products */;
			projectDirPath = "";
			projectRoot = "";
			targets = (
				23E1B81518B8EC35000C376E /* Project Marsara */,
				23E1B83618B8EC36000C376E /* Project MarsaraTests */,
			);
		};
/* End PBXProject section */

/* Begin PBXResourcesBuildPhase section */
		23E1B81418B8EC35000C376E /* Resources */ = {
			isa = PBXResourcesBuildPhase;
			buildActionMask = 2147483647;
			files = (
				23E1B83218B8EC35000C376E /* Images.xcassets in Resources */,
				23E1B82418B8EC35000C376E /* InfoPlist.strings in Resources */,
				23339CD118BBF8FD007C9628 /* ColorList.plist in Resources */,
				23E1B82D18B8EC35000C376E /* Main.storyboard in Resources */,
			);
			runOnlyForDeploymentPostprocessing = 0;
		};
		23E1B83518B8EC36000C376E /* Resources */ = {
			isa = PBXResourcesBuildPhase;
			buildActionMask = 2147483647;
			files = (
				23E1B84318B8EC36000C376E /* InfoPlist.strings in Resources */,
			);
			runOnlyForDeploymentPostprocessing = 0;
		};
/* End PBXResourcesBuildPhase section */

/* Begin PBXSourcesBuildPhase section */
		23E1B81218B8EC35000C376E /* Sources */ = {
			isa = PBXSourcesBuildPhase;
			buildActionMask = 2147483647;
			files = (
				23E1B86018B9C493000C376E /* PMDataModel.xcdatamodeld in Sources */,
				23E1B85018B90621000C376E /* PMSPhotoViewController.mm in Sources */,
				23E1B85818B926D4000C376E /* PMSImageProcessing.mm in Sources */,
				23E1B82618B8EC35000C376E /* main.m in Sources */,
				23E1B86618B9CEDB000C376E /* PMSLibraryCell.m in Sources */,
				23E1B86918B9D4F3000C376E /* PMSCellViewController.m in Sources */,
				23E1B83018B8EC35000C376E /* PMSMainViewController.m in Sources */,
				23E1B85B18B9A797000C376E /* PMSOutfitRecommender.m in Sources */,
				23E1B86318B9CE58000C376E /* PMSLibraryViewController.m in Sources */,
				23E1B82A18B8EC35000C376E /* PMSAppDelegate.m in Sources */,
				23E1B85318B920E8000C376E /* PMSResultViewController.m in Sources */,
			);
			runOnlyForDeploymentPostprocessing = 0;
		};
		23E1B83318B8EC36000C376E /* Sources */ = {
			isa = PBXSourcesBuildPhase;
			buildActionMask = 2147483647;
			files = (
				23E1B84518B8EC36000C376E /* Project_MarsaraTests.m in Sources */,
			);
			runOnlyForDeploymentPostprocessing = 0;
		};
/* End PBXSourcesBuildPhase section */

/* Begin PBXTargetDependency section */
		23E1B83D18B8EC36000C376E /* PBXTargetDependency */ = {
			isa = PBXTargetDependency;
			target = 23E1B81518B8EC35000C376E /* Project Marsara */;
			targetProxy = 23E1B83C18B8EC36000C376E /* PBXContainerItemProxy */;
		};
/* End PBXTargetDependency section */

/* Begin PBXVariantGroup section */
		23E1B82218B8EC35000C376E /* InfoPlist.strings */ = {
			isa = PBXVariantGroup;
			children = (
				23E1B82318B8EC35000C376E /* en */,
			);
			name = InfoPlist.strings;
			sourceTree = "<group>";
		};
		23E1B82B18B8EC35000C376E /* Main.storyboard */ = {
			isa = PBXVariantGroup;
			children = (
				23E1B82C18B8EC35000C376E /* Base */,
			);
			name = Main.storyboard;
			sourceTree = "<group>";
		};
		23E1B84118B8EC36000C376E /* InfoPlist.strings */ = {
			isa = PBXVariantGroup;
			children = (
				23E1B84218B8EC36000C376E /* en */,
			);
			name = InfoPlist.strings;
			sourceTree = "<group>";
		};
/* End PBXVariantGroup section */

/* Begin XCBuildConfiguration section */
		23E1B84618B8EC36000C376E /* Debug */ = {
			isa = XCBuildConfiguration;
			buildSettings = {
				ALWAYS_SEARCH_USER_PATHS = NO;
				ARCHS = "$(ARCHS_STANDARD_INCLUDING_64_BIT)";
				CLANG_CXX_LANGUAGE_STANDARD = "gnu++0x";
				CLANG_CXX_LIBRARY = "libc++";
				CLANG_ENABLE_MODULES = YES;
				CLANG_ENABLE_OBJC_ARC = YES;
				CLANG_WARN_BOOL_CONVERSION = YES;
				CLANG_WARN_CONSTANT_CONVERSION = YES;
				CLANG_WARN_DIRECT_OBJC_ISA_USAGE = YES_ERROR;
				CLANG_WARN_EMPTY_BODY = YES;
				CLANG_WARN_ENUM_CONVERSION = YES;
				CLANG_WARN_INT_CONVERSION = YES;
				CLANG_WARN_OBJC_ROOT_CLASS = YES_ERROR;
				CLANG_WARN__DUPLICATE_METHOD_MATCH = YES;
				"CODE_SIGN_IDENTITY[sdk=iphoneos*]" = "iPhone Developer";
				COPY_PHASE_STRIP = NO;
				GCC_C_LANGUAGE_STANDARD = gnu99;
				GCC_DYNAMIC_NO_PIC = NO;
				GCC_OPTIMIZATION_LEVEL = 0;
				GCC_PREPROCESSOR_DEFINITIONS = (
					"DEBUG=1",
					"$(inherited)",
				);
				GCC_SYMBOLS_PRIVATE_EXTERN = NO;
				GCC_WARN_64_TO_32_BIT_CONVERSION = YES;
				GCC_WARN_ABOUT_RETURN_TYPE = YES_ERROR;
				GCC_WARN_UNDECLARED_SELECTOR = YES;
				GCC_WARN_UNINITIALIZED_AUTOS = YES;
				GCC_WARN_UNUSED_FUNCTION = YES;
				GCC_WARN_UNUSED_VARIABLE = YES;
				IPHONEOS_DEPLOYMENT_TARGET = 7.0;
				ONLY_ACTIVE_ARCH = YES;
				SDKROOT = iphoneos;
			};
			name = Debug;
		};
		23E1B84718B8EC36000C376E /* Release */ = {
			isa = XCBuildConfiguration;
			buildSettings = {
				ALWAYS_SEARCH_USER_PATHS = NO;
				ARCHS = "$(ARCHS_STANDARD_INCLUDING_64_BIT)";
				CLANG_CXX_LANGUAGE_STANDARD = "gnu++0x";
				CLANG_CXX_LIBRARY = "libc++";
				CLANG_ENABLE_MODULES = YES;
				CLANG_ENABLE_OBJC_ARC = YES;
				CLANG_WARN_BOOL_CONVERSION = YES;
				CLANG_WARN_CONSTANT_CONVERSION = YES;
				CLANG_WARN_DIRECT_OBJC_ISA_USAGE = YES_ERROR;
				CLANG_WARN_EMPTY_BODY = YES;
				CLANG_WARN_ENUM_CONVERSION = YES;
				CLANG_WARN_INT_CONVERSION = YES;
				CLANG_WARN_OBJC_ROOT_CLASS = YES_ERROR;
				CLANG_WARN__DUPLICATE_METHOD_MATCH = YES;
				"CODE_SIGN_IDENTITY[sdk=iphoneos*]" = "iPhone Developer";
				COPY_PHASE_STRIP = YES;
				ENABLE_NS_ASSERTIONS = NO;
				GCC_C_LANGUAGE_STANDARD = gnu99;
				GCC_WARN_64_TO_32_BIT_CONVERSION = YES;
				GCC_WARN_ABOUT_RETURN_TYPE = YES_ERROR;
				GCC_WARN_UNDECLARED_SELECTOR = YES;
				GCC_WARN_UNINITIALIZED_AUTOS = YES;
				GCC_WARN_UNUSED_FUNCTION = YES;
				GCC_WARN_UNUSED_VARIABLE = YES;
				IPHONEOS_DEPLOYMENT_TARGET = 7.0;
				SDKROOT = iphoneos;
				VALIDATE_PRODUCT = YES;
			};
			name = Release;
		};
		23E1B84918B8EC36000C376E /* Debug */ = {
			isa = XCBuildConfiguration;
			buildSettings = {
				ASSETCATALOG_COMPILER_APPICON_NAME = AppIcon;
				ASSETCATALOG_COMPILER_LAUNCHIMAGE_NAME = LaunchImage;
				CODE_SIGN_IDENTITY = "iPhone Developer";
				FRAMEWORK_SEARCH_PATHS = (
					"$(inherited)",
					"/Users/nicolaslangley/Development/Xcode\\ Projects/project-marsara/Project\\ Marsara",
				);
				GCC_PRECOMPILE_PREFIX_HEADER = YES;
				GCC_PREFIX_HEADER = "Project Marsara/Project Marsara-Prefix.pch";
				INFOPLIST_FILE = "Project Marsara/Project Marsara-Info.plist";
				PRODUCT_NAME = "$(TARGET_NAME)";
				WRAPPER_EXTENSION = app;
			};
			name = Debug;
		};
		23E1B84A18B8EC36000C376E /* Release */ = {
			isa = XCBuildConfiguration;
			buildSettings = {
				ASSETCATALOG_COMPILER_APPICON_NAME = AppIcon;
				ASSETCATALOG_COMPILER_LAUNCHIMAGE_NAME = LaunchImage;
				CODE_SIGN_IDENTITY = "iPhone Developer";
				FRAMEWORK_SEARCH_PATHS = (
					"$(inherited)",
					"/Users/nicolaslangley/Development/Xcode\\ Projects/project-marsara/Project\\ Marsara",
				);
				GCC_PRECOMPILE_PREFIX_HEADER = YES;
				GCC_PREFIX_HEADER = "Project Marsara/Project Marsara-Prefix.pch";
				INFOPLIST_FILE = "Project Marsara/Project Marsara-Info.plist";
				PRODUCT_NAME = "$(TARGET_NAME)";
				WRAPPER_EXTENSION = app;
			};
			name = Release;
		};
		23E1B84C18B8EC36000C376E /* Debug */ = {
			isa = XCBuildConfiguration;
			buildSettings = {
				ARCHS = "$(ARCHS_STANDARD_INCLUDING_64_BIT)";
				BUNDLE_LOADER = "$(BUILT_PRODUCTS_DIR)/Project Marsara.app/Project Marsara";
				FRAMEWORK_SEARCH_PATHS = (
					"$(SDKROOT)/Developer/Library/Frameworks",
					"$(inherited)",
					"$(DEVELOPER_FRAMEWORKS_DIR)",
				);
				GCC_PRECOMPILE_PREFIX_HEADER = YES;
				GCC_PREFIX_HEADER = "Project Marsara/Project Marsara-Prefix.pch";
				GCC_PREPROCESSOR_DEFINITIONS = (
					"DEBUG=1",
					"$(inherited)",
				);
				INFOPLIST_FILE = "Project MarsaraTests/Project MarsaraTests-Info.plist";
				PRODUCT_NAME = "$(TARGET_NAME)";
				TEST_HOST = "$(BUNDLE_LOADER)";
				WRAPPER_EXTENSION = xctest;
			};
			name = Debug;
		};
		23E1B84D18B8EC36000C376E /* Release */ = {
			isa = XCBuildConfiguration;
			buildSettings = {
				ARCHS = "$(ARCHS_STANDARD_INCLUDING_64_BIT)";
				BUNDLE_LOADER = "$(BUILT_PRODUCTS_DIR)/Project Marsara.app/Project Marsara";
				FRAMEWORK_SEARCH_PATHS = (
					"$(SDKROOT)/Developer/Library/Frameworks",
					"$(inherited)",
					"$(DEVELOPER_FRAMEWORKS_DIR)",
				);
				GCC_PRECOMPILE_PREFIX_HEADER = YES;
				GCC_PREFIX_HEADER = "Project Marsara/Project Marsara-Prefix.pch";
				INFOPLIST_FILE = "Project MarsaraTests/Project MarsaraTests-Info.plist";
				PRODUCT_NAME = "$(TARGET_NAME)";
				TEST_HOST = "$(BUNDLE_LOADER)";
				WRAPPER_EXTENSION = xctest;
			};
			name = Release;
		};
/* End XCBuildConfiguration section */

/* Begin XCConfigurationList section */
		23E1B81118B8EC35000C376E /* Build configuration list for PBXProject "Project Marsara" */ = {
			isa = XCConfigurationList;
			buildConfigurations = (
				23E1B84618B8EC36000C376E /* Debug */,
				23E1B84718B8EC36000C376E /* Release */,
			);
			defaultConfigurationIsVisible = 0;
			defaultConfigurationName = Release;
		};
		23E1B84818B8EC36000C376E /* Build configuration list for PBXNativeTarget "Project Marsara" */ = {
			isa = XCConfigurationList;
			buildConfigurations = (
				23E1B84918B8EC36000C376E /* Debug */,
				23E1B84A18B8EC36000C376E /* Release */,
			);
			defaultConfigurationIsVisible = 0;
			defaultConfigurationName = Release;
		};
		23E1B84B18B8EC36000C376E /* Build configuration list for PBXNativeTarget "Project MarsaraTests" */ = {
			isa = XCConfigurationList;
			buildConfigurations = (
				23E1B84C18B8EC36000C376E /* Debug */,
				23E1B84D18B8EC36000C376E /* Release */,
			);
			defaultConfigurationIsVisible = 0;
			defaultConfigurationName = Release;
		};
/* End XCConfigurationList section */

/* Begin XCVersionGroup section */
		23E1B85E18B9C493000C376E /* PMDataModel.xcdatamodeld */ = {
			isa = XCVersionGroup;
			children = (
				23E1B85F18B9C493000C376E /* PMDataModel.xcdatamodel */,
			);
			currentVersion = 23E1B85F18B9C493000C376E /* PMDataModel.xcdatamodel */;
			path = PMDataModel.xcdatamodeld;
			sourceTree = "<group>";
			versionGroupType = wrapper.xcdatamodel;
		};
/* End XCVersionGroup section */
	};
	rootObject = 23E1B80E18B8EC35000C376E /* Project object */;
}
